
Microsoft Visual Studio Solution File, Format Version 12.00
# Visual Studio Version 16
VisualStudioVersion = 16.0.30320.27
MinimumVisualStudioVersion = 10.0.40219.1
Project("{8BC9CEB8-8B4A-11D0-8D11-00A0C91BC942}") = "class", "class\class.vcxproj", "{0AACC4E6-0D2F-4F41-8126-DC5AFC1E15D3}"
EndProject
Global
	GlobalSection(SolutionConfigurationPlatforms) = preSolution
		Debug|x64 = Debug|x64
		Debug|x86 = Debug|x86
		Release|x64 = Release|x64
		Release|x86 = Release|x86
	EndGlobalSection
	GlobalSection(ProjectConfigurationPlatforms) = postSolution
		{0AACC4E6-0D2F-4F41-8126-DC5AFC1E15D3}.Debug|x64.ActiveCfg = Debug|x64
		{0AACC4E6-0D2F-4F41-8126-DC5AFC1E15D3}.Debug|x64.Build.0 = Debug|x64
		{0AACC4E6-0D2F-4F41-8126-DC5AFC1E15D3}.Debug|x86.ActiveCfg = Debug|Win32
		{0AACC4E6-0D2F-4F41-8126-DC5AFC1E15D3}.Debug|x86.Build.0 = Debug|Win32
		{0AACC4E6-0D2F-4F41-8126-DC5AFC1E15D3}.Release|x64.ActiveCfg = Release|x64
		{0AACC4E6-0D2F-4F41-8126-DC5AFC1E15D3}.Release|x64.Build.0 = Release|x64
		{0AACC4E6-0D2F-4F41-8126-DC5AFC1E15D3}.Release|x86.ActiveCfg = Release|Win32
		{0AACC4E6-0D2F-4F41-8126-DC5AFC1E15D3}.Release|x86.Build.0 = Release|Win32
	EndGlobalSection
	GlobalSection(SolutionProperties) = preSolution
		HideSolutionNode = FALSE
	EndGlobalSection
	GlobalSection(ExtensibilityGlobals) = postSolution
		SolutionGuid = {044BE820-8F46-49EF-842B-45E5ACE838ED}
	EndGlobalSection
EndGlobal
